
Microsoft Visual Studio Solution File, Format Version 12.00
# Visual Studio Version 16
VisualStudioVersion = 16.0.31727.386
MinimumVisualStudioVersion = 10.0.40219.1
Project("{8BC9CEB8-8B4A-11D0-8D11-00A0C91BC942}") = "19120450", "19120450\19120450.vcxproj", "{4C9F95EB-AA0C-407C-8EDD-2B53DC0C12F9}"
EndProject
Global
	GlobalSection(SolutionConfigurationPlatforms) = preSolution
		Debug|x64 = Debug|x64
		Debug|x86 = Debug|x86
		Release|x64 = Release|x64
		Release|x86 = Release|x86
	EndGlobalSection
	GlobalSection(ProjectConfigurationPlatforms) = postSolution
		{4C9F95EB-AA0C-407C-8EDD-2B53DC0C12F9}.Debug|x64.ActiveCfg = Debug|x64
		{4C9F95EB-AA0C-407C-8EDD-2B53DC0C12F9}.Debug|x64.Build.0 = Debug|x64
		{4C9F95EB-AA0C-407C-8EDD-2B53DC0C12F9}.Debug|x86.ActiveCfg = Debug|Win32
		{4C9F95EB-AA0C-407C-8EDD-2B53DC0C12F9}.Debug|x86.Build.0 = Debug|Win32
		{4C9F95EB-AA0C-407C-8EDD-2B53DC0C12F9}.Release|x64.ActiveCfg = Release|x64
		{4C9F95EB-AA0C-407C-8EDD-2B53DC0C12F9}.Release|x64.Build.0 = Release|x64
		{4C9F95EB-AA0C-407C-8EDD-2B53DC0C12F9}.Release|x86.ActiveCfg = Release|Win32
		{4C9F95EB-AA0C-407C-8EDD-2B53DC0C12F9}.Release|x86.Build.0 = Release|Win32
	EndGlobalSection
	GlobalSection(SolutionProperties) = preSolution
		HideSolutionNode = FALSE
	EndGlobalSection
	GlobalSection(ExtensibilityGlobals) = postSolution
		SolutionGuid = {B8010458-E607-4F3C-947D-56132AAFF6F0}
	EndGlobalSection
EndGlobal
